
Microsoft Visual Studio Solution File, Format Version 12.00
# Visual Studio Version 16
VisualStudioVersion = 16.0.31321.278
MinimumVisualStudioVersion = 10.0.40219.1
Project("{FAE04EC0-301F-11D3-BF4B-00C04F79EFBC}") = "Lab_11_3", "Lab_11_3\Lab_11_3.csproj", "{F64AFBB1-D73D-4144-9130-52C2B3FFFAD4}"
EndProject
Global
	GlobalSection(SolutionConfigurationPlatforms) = preSolution
		Debug|Any CPU = Debug|Any CPU
		Release|Any CPU = Release|Any CPU
	EndGlobalSection
	GlobalSection(ProjectConfigurationPlatforms) = postSolution
		{F64AFBB1-D73D-4144-9130-52C2B3FFFAD4}.Debug|Any CPU.ActiveCfg = Debug|Any CPU
		{F64AFBB1-D73D-4144-9130-52C2B3FFFAD4}.Debug|Any CPU.Build.0 = Debug|Any CPU
		{F64AFBB1-D73D-4144-9130-52C2B3FFFAD4}.Release|Any CPU.ActiveCfg = Release|Any CPU
		{F64AFBB1-D73D-4144-9130-52C2B3FFFAD4}.Release|Any CPU.Build.0 = Release|Any CPU
	EndGlobalSection
	GlobalSection(SolutionProperties) = preSolution
		HideSolutionNode = FALSE
	EndGlobalSection
	GlobalSection(ExtensibilityGlobals) = postSolution
		SolutionGuid = {79560C48-3D17-4C9E-8AFE-0C1B0E3DF471}
	EndGlobalSection
EndGlobal
